
Microsoft Visual Studio Solution File, Format Version 12.00
# Visual Studio Version 16
VisualStudioVersion = 16.0.28729.10
MinimumVisualStudioVersion = 10.0.40219.1
Project("{FAE04EC0-301F-11D3-BF4B-00C04F79EFBC}") = "Waterfall", "Waterfall\Waterfall.csproj", "{51B73AD9-D7AB-48B6-93AA-32E1E6EEE3CA}"
EndProject
Global
	GlobalSection(SolutionConfigurationPlatforms) = preSolution
		Debug|Any CPU = Debug|Any CPU
		Release|Any CPU = Release|Any CPU
	EndGlobalSection
	GlobalSection(ProjectConfigurationPlatforms) = postSolution
		{51B73AD9-D7AB-48B6-93AA-32E1E6EEE3CA}.Debug|Any CPU.ActiveCfg = Debug|Any CPU
		{51B73AD9-D7AB-48B6-93AA-32E1E6EEE3CA}.Debug|Any CPU.Build.0 = Debug|Any CPU
		{51B73AD9-D7AB-48B6-93AA-32E1E6EEE3CA}.Release|Any CPU.ActiveCfg = Release|Any CPU
		{51B73AD9-D7AB-48B6-93AA-32E1E6EEE3CA}.Release|Any CPU.Build.0 = Release|Any CPU
	EndGlobalSection
	GlobalSection(SolutionProperties) = preSolution
		HideSolutionNode = FALSE
	EndGlobalSection
	GlobalSection(ExtensibilityGlobals) = postSolution
		SolutionGuid = {1C84325E-5405-4407-98FF-5213177C6A42}
	EndGlobalSection
EndGlobal
